
Microsoft Visual Studio Solution File, Format Version 12.00
# Visual Studio Version 17
VisualStudioVersion = 17.4.33122.133
MinimumVisualStudioVersion = 10.0.40219.1
Project("{9A19103F-16F7-4668-BE54-9A1E7A4F7556}") = "ChatGPT-Console", "ChatGPT-Console\ChatGPT-Console.csproj", "{35320677-D263-4087-99CA-5B1C8F0D0FE2}"
EndProject
Project("{9A19103F-16F7-4668-BE54-9A1E7A4F7556}") = "ChatGPTTools", "ChatGPT-Tools\ChatGPTTools.csproj", "{47563DFF-78AF-4CA1-ADDB-7716294AE02D}"
EndProject
Global
	GlobalSection(SolutionConfigurationPlatforms) = preSolution
		Debug|Any CPU = Debug|Any CPU
		Release|Any CPU = Release|Any CPU
	EndGlobalSection
	GlobalSection(ProjectConfigurationPlatforms) = postSolution
		{35320677-D263-4087-99CA-5B1C8F0D0FE2}.Debug|Any CPU.ActiveCfg = Debug|Any CPU
		{35320677-D263-4087-99CA-5B1C8F0D0FE2}.Debug|Any CPU.Build.0 = Debug|Any CPU
		{35320677-D263-4087-99CA-5B1C8F0D0FE2}.Release|Any CPU.ActiveCfg = Release|Any CPU
		{35320677-D263-4087-99CA-5B1C8F0D0FE2}.Release|Any CPU.Build.0 = Release|Any CPU
		{47563DFF-78AF-4CA1-ADDB-7716294AE02D}.Debug|Any CPU.ActiveCfg = Debug|Any CPU
		{47563DFF-78AF-4CA1-ADDB-7716294AE02D}.Debug|Any CPU.Build.0 = Debug|Any CPU
		{47563DFF-78AF-4CA1-ADDB-7716294AE02D}.Release|Any CPU.ActiveCfg = Release|Any CPU
		{47563DFF-78AF-4CA1-ADDB-7716294AE02D}.Release|Any CPU.Build.0 = Release|Any CPU
	EndGlobalSection
	GlobalSection(SolutionProperties) = preSolution
		HideSolutionNode = FALSE
	EndGlobalSection
	GlobalSection(ExtensibilityGlobals) = postSolution
		SolutionGuid = {D235859D-3B6A-448C-B60B-7E53E262CED3}
	EndGlobalSection
EndGlobal
